
Microsoft Visual Studio Solution File, Format Version 12.00
# Visual Studio Version 17
VisualStudioVersion = 17.8.34330.188
MinimumVisualStudioVersion = 10.0.40219.1
Project("{FAE04EC0-301F-11D3-BF4B-00C04F79EFBC}") = "ULog", "ULog\ULog.csproj", "{D7B64622-B667-4C27-B1DA-571CBC7E9B60}"
EndProject
Global
	GlobalSection(SolutionConfigurationPlatforms) = preSolution
		Debug|Any CPU = Debug|Any CPU
		Release|Any CPU = Release|Any CPU
	EndGlobalSection
	GlobalSection(ProjectConfigurationPlatforms) = postSolution
		{D7B64622-B667-4C27-B1DA-571CBC7E9B60}.Debug|Any CPU.ActiveCfg = Debug|Any CPU
		{D7B64622-B667-4C27-B1DA-571CBC7E9B60}.Debug|Any CPU.Build.0 = Debug|Any CPU
		{D7B64622-B667-4C27-B1DA-571CBC7E9B60}.Release|Any CPU.ActiveCfg = Release|Any CPU
		{D7B64622-B667-4C27-B1DA-571CBC7E9B60}.Release|Any CPU.Build.0 = Release|Any CPU
	EndGlobalSection
	GlobalSection(SolutionProperties) = preSolution
		HideSolutionNode = FALSE
	EndGlobalSection
	GlobalSection(ExtensibilityGlobals) = postSolution
		SolutionGuid = {6EAD9E76-B767-42D4-A4E7-976C78CF06EF}
	EndGlobalSection
EndGlobal
